
Microsoft Visual Studio Solution File, Format Version 12.00
# Visual Studio Version 17
VisualStudioVersion = 17.2.32317.152
MinimumVisualStudioVersion = 10.0.40219.1
Project("{FAE04EC0-301F-11D3-BF4B-00C04F79EFBC}") = "RealizationProvider", "RealizationProvider\RealizationProvider.csproj", "{241E5BF5-A1F4-429F-B19A-25784D72D40D}"
EndProject
Global
	GlobalSection(SolutionConfigurationPlatforms) = preSolution
		Debug|Any CPU = Debug|Any CPU
		Release|Any CPU = Release|Any CPU
	EndGlobalSection
	GlobalSection(ProjectConfigurationPlatforms) = postSolution
		{241E5BF5-A1F4-429F-B19A-25784D72D40D}.Debug|Any CPU.ActiveCfg = Debug|Any CPU
		{241E5BF5-A1F4-429F-B19A-25784D72D40D}.Debug|Any CPU.Build.0 = Debug|Any CPU
		{241E5BF5-A1F4-429F-B19A-25784D72D40D}.Release|Any CPU.ActiveCfg = Release|Any CPU
		{241E5BF5-A1F4-429F-B19A-25784D72D40D}.Release|Any CPU.Build.0 = Release|Any CPU
	EndGlobalSection
	GlobalSection(SolutionProperties) = preSolution
		HideSolutionNode = FALSE
	EndGlobalSection
	GlobalSection(ExtensibilityGlobals) = postSolution
		SolutionGuid = {71ACA0E2-0C78-4C2A-91D4-29323CE1C46A}
	EndGlobalSection
EndGlobal
